<?xml version="1.0" encoding="utf-8"?>
<Project xmlns="http://schemas.microsoft.com/developer/msbuild/2003">
  <ItemGroup>
    <Filter Include="Form Files">
      <UniqueIdentifier>{99349809-55BA-4b9d-BF79-8FDBB0286EB3}</UniqueIdentifier>
      <Extensions>ui</Extensions>
      <ParseFiles>false</ParseFiles>
    </Filter>
    <Filter Include="Form Files">
      <UniqueIdentifier>{99349809-55BA-4b9d-BF79-8FDBB0286EB3}</UniqueIdentifier>
      <Extensions>ui</Extensions>
      <ParseFiles>false</ParseFiles>
    </Filter>
    <Filter Include="Generated Files">
      <UniqueIdentifier>{71ED8ED8-ACB9-4CE9-BBE1-E00B30144E11}</UniqueIdentifier>
      <Extensions>cpp;c;cxx;moc;h;def;odl;idl;res;</Extensions>
    </Filter>
    <Filter Include="Generated Files">
      <UniqueIdentifier>{71ED8ED8-ACB9-4CE9-BBE1-E00B30144E11}</UniqueIdentifier>
      <Extensions>cpp;c;cxx;moc;h;def;odl;idl;res;</Extensions>
    </Filter>
    <Filter Include="Header Files">
      <UniqueIdentifier>{93995380-89BD-4b04-88EB-625FBE52EBFB}</UniqueIdentifier>
      <Extensions>h;hpp;hxx;hm;inl;inc;xsd</Extensions>
    </Filter>
    <Filter Include="Header Files">
      <UniqueIdentifier>{93995380-89BD-4b04-88EB-625FBE52EBFB}</UniqueIdentifier>
      <Extensions>h;hpp;hxx;hm;inl;inc;xsd</Extensions>
    </Filter>
    <Filter Include="Source Files">
      <UniqueIdentifier>{4FC737F1-C7A5-4376-A066-2A32D752A2FF}</UniqueIdentifier>
      <Extensions>cpp;c;cxx;def;odl;idl;hpj;bat;asm;asmx</Extensions>
    </Filter>
    <Filter Include="Source Files">
      <UniqueIdentifier>{4FC737F1-C7A5-4376-A066-2A32D752A2FF}</UniqueIdentifier>
      <Extensions>cpp;c;cxx;def;odl;idl;hpj;bat;asm;asmx</Extensions>
    </Filter>
  </ItemGroup>
  <ItemGroup>
    <ClCompile Include="main.cpp">
      <Filter>Source Files</Filter>
    </ClCompile>
    <ClCompile Include="mainwindow.cpp">
      <Filter>Source Files</Filter>
    </ClCompile>
    <ClCompile Include="AABB.cpp">
      <Filter>Generated Files</Filter>
    </ClCompile>
    <ClCompile Include="AnimationMgr.cpp">
      <Filter>Generated Files</Filter>
    </ClCompile>
    <ClCompile Include="AssetImport.cpp">
      <Filter>Generated Files</Filter>
    </ClCompile>
    <ClCompile Include="Camera.cpp">
      <Filter>Generated Files</Filter>
    </ClCompile>
    <ClCompile Include="Cube.cpp">
      <Filter>Generated Files</Filter>
    </ClCompile>
    <ClCompile Include="LightMgr.cpp">
      <Filter>Generated Files</Filter>
    </ClCompile>
    <ClCompile Include="Material.cpp">
      <Filter>Generated Files</Filter>
    </ClCompile>
    <ClCompile Include="Mesh.cpp">
      <Filter>Generated Files</Filter>
    </ClCompile>
    <ClCompile Include="Model.cpp">
      <Filter>Generated Files</Filter>
    </ClCompile>
    <ClCompile Include="ModelMgr.cpp">
      <Filter>Generated Files</Filter>
    </ClCompile>
    <ClCompile Include="Object.cpp">
      <Filter>Generated Files</Filter>
    </ClCompile>
    <ClCompile Include="OpenWidget.cpp">
      <Filter>Generated Files</Filter>
    </ClCompile>
    <ClCompile Include="PreDef.cpp">
      <Filter>Generated Files</Filter>
    </ClCompile>
    <ClCompile Include="ShaderHelper.cpp">
      <Filter>Generated Files</Filter>
    </ClCompile>
    <ClCompile Include="Texture.cpp">
      <Filter>Generated Files</Filter>
    </ClCompile>
    <ClCompile Include="TextureMgr.cpp">
      <Filter>Generated Files</Filter>
    </ClCompile>
  </ItemGroup>
  <ItemGroup>
    <QtMoc Include="mainwindow.h">
      <Filter>Header Files</Filter>
    </QtMoc>
  </ItemGroup>
  <ItemGroup>
    <CustomBuild Include="debug\moc_predefs.h.cbt">
      <Filter>Generated Files</Filter>
    </CustomBuild>
    <CustomBuild Include="release\moc_predefs.h.cbt">
      <Filter>Generated Files</Filter>
    </CustomBuild>
  </ItemGroup>
  <ItemGroup>
    <QtUic Include="mainwindow.ui">
      <Filter>Form Files</Filter>
    </QtUic>
  </ItemGroup>
  <ItemGroup>
    <ClInclude Include="AABB.h">
      <Filter>Generated Files</Filter>
    </ClInclude>
    <ClInclude Include="AnimationMgr.h">
      <Filter>Generated Files</Filter>
    </ClInclude>
    <ClInclude Include="AssetImport.h">
      <Filter>Generated Files</Filter>
    </ClInclude>
    <ClInclude Include="Camera.h">
      <Filter>Generated Files</Filter>
    </ClInclude>
    <ClInclude Include="Cube.h">
      <Filter>Generated Files</Filter>
    </ClInclude>
    <ClInclude Include="LightMgr.h">
      <Filter>Generated Files</Filter>
    </ClInclude>
    <ClInclude Include="Material.h">
      <Filter>Generated Files</Filter>
    </ClInclude>
    <ClInclude Include="Mesh.h">
      <Filter>Generated Files</Filter>
    </ClInclude>
    <ClInclude Include="Model.h">
      <Filter>Generated Files</Filter>
    </ClInclude>
    <ClInclude Include="ModelMgr.h">
      <Filter>Generated Files</Filter>
    </ClInclude>
    <ClInclude Include="Object.h">
      <Filter>Generated Files</Filter>
    </ClInclude>
    <ClInclude Include="OpenWidget.h">
      <Filter>Generated Files</Filter>
    </ClInclude>
    <ClInclude Include="PreDef.h">
      <Filter>Generated Files</Filter>
    </ClInclude>
    <ClInclude Include="ShaderHelper.h">
      <Filter>Generated Files</Filter>
    </ClInclude>
    <ClInclude Include="Texture.h">
      <Filter>Generated Files</Filter>
    </ClInclude>
    <ClInclude Include="TextureMgr.h">
      <Filter>Generated Files</Filter>
    </ClInclude>
  </ItemGroup>
  <ItemGroup>
    <None Include="shaders\program1.frag" />
    <None Include="shaders\program1.vert" />
    <None Include="shaders\triangle.frag" />
    <None Include="shaders\triangle.vert" />
  </ItemGroup>
</Project>